
Microsoft Visual Studio Solution File, Format Version 12.00
# Visual Studio Version 17
VisualStudioVersion = 17.3.32922.545
MinimumVisualStudioVersion = 10.0.40219.1
Project("{FAE04EC0-301F-11D3-BF4B-00C04F79EFBC}") = "DistantLines", "DistantLines\DistantLines.csproj", "{27BCCF69-4263-4340-9CDA-F848C8D77338}"
EndProject
Project("{FAE04EC0-301F-11D3-BF4B-00C04F79EFBC}") = "DLEPCalcul", "DLEPCalcul\DLEPCalcul.csproj", "{BF1ED368-E19B-4DA5-9817-3984D78D421D}"
EndProject
Global
	GlobalSection(SolutionConfigurationPlatforms) = preSolution
		Debug|Any CPU = Debug|Any CPU
		Release|Any CPU = Release|Any CPU
	EndGlobalSection
	GlobalSection(ProjectConfigurationPlatforms) = postSolution
		{27BCCF69-4263-4340-9CDA-F848C8D77338}.Debug|Any CPU.ActiveCfg = Debug|Any CPU
		{27BCCF69-4263-4340-9CDA-F848C8D77338}.Debug|Any CPU.Build.0 = Debug|Any CPU
		{27BCCF69-4263-4340-9CDA-F848C8D77338}.Release|Any CPU.ActiveCfg = Release|Any CPU
		{27BCCF69-4263-4340-9CDA-F848C8D77338}.Release|Any CPU.Build.0 = Release|Any CPU
		{BF1ED368-E19B-4DA5-9817-3984D78D421D}.Debug|Any CPU.ActiveCfg = Debug|Any CPU
		{BF1ED368-E19B-4DA5-9817-3984D78D421D}.Debug|Any CPU.Build.0 = Debug|Any CPU
		{BF1ED368-E19B-4DA5-9817-3984D78D421D}.Release|Any CPU.ActiveCfg = Release|Any CPU
		{BF1ED368-E19B-4DA5-9817-3984D78D421D}.Release|Any CPU.Build.0 = Release|Any CPU
	EndGlobalSection
	GlobalSection(SolutionProperties) = preSolution
		HideSolutionNode = FALSE
	EndGlobalSection
	GlobalSection(ExtensibilityGlobals) = postSolution
		SolutionGuid = {2D7AFFDF-5671-49A5-8E63-A26026F4E71D}
	EndGlobalSection
EndGlobal
